
Microsoft Visual Studio Solution File, Format Version 12.00
# Visual Studio Version 16
VisualStudioVersion = 16.0.31624.102
MinimumVisualStudioVersion = 10.0.40219.1
Project("{FAE04EC0-301F-11D3-BF4B-00C04F79EFBC}") = "AskNetEXE", "AskNetEXE\AskNetEXE.csproj", "{10B0D471-45A7-49D7-9214-EAFBC4997AA3}"
EndProject
Project("{FAE04EC0-301F-11D3-BF4B-00C04F79EFBC}") = "AskNet_2_0", "AskNet_2_0\AskNet_2_0.csproj", "{3586165C-C257-4548-86E6-9CF459CFBABC}"
EndProject
Project("{FAE04EC0-301F-11D3-BF4B-00C04F79EFBC}") = "AskNet_2_0_EXE", "AskNet_2_0_EXE\AskNet_2_0_EXE.csproj", "{9156A811-CADC-464C-808D-1EBAE9AF65D3}"
EndProject
Project("{FAE04EC0-301F-11D3-BF4B-00C04F79EFBC}") = "AskNet_3_0_EXE", "AskNet_3_0_EXE\AskNet_3_0_EXE.csproj", "{F85EB0EA-3B8C-4053-A513-233FEC9ADD10}"
EndProject
Project("{FAE04EC0-301F-11D3-BF4B-00C04F79EFBC}") = "AskNet_3_5_EXE", "AskNet_3_5_EXE\AskNet_3_5_EXE.csproj", "{95B651F1-FC08-4020-BC14-FEE2732F2800}"
EndProject
Project("{FAE04EC0-301F-11D3-BF4B-00C04F79EFBC}") = "AskNet_4_0_EXE", "AskNet_4_0_EXE\AskNet_4_0_EXE.csproj", "{616F7397-B785-40E9-A845-0B658DD561FE}"
EndProject
Project("{FAE04EC0-301F-11D3-BF4B-00C04F79EFBC}") = "AskNet_4_5_EXE", "AskNet_4_5_EXE\AskNet_4_5_EXE.csproj", "{C358A10D-176E-48AB-A233-6613BA4FDE89}"
EndProject
Project("{FAE04EC0-301F-11D3-BF4B-00C04F79EFBC}") = "AskNet_4_5_1_EXE", "AskNet_4_5_1_EXE\AskNet_4_5_1_EXE.csproj", "{7E53B648-90D2-40F3-802A-035CA13BA3C4}"
EndProject
Project("{FAE04EC0-301F-11D3-BF4B-00C04F79EFBC}") = "AskNet_4_5_2_EXE", "AskNet_4_5_2_EXE\AskNet_4_5_2_EXE.csproj", "{131EECFD-8DFA-418A-BF4B-76225316621A}"
EndProject
Project("{FAE04EC0-301F-11D3-BF4B-00C04F79EFBC}") = "AskNet_4_6_EXE", "AskNet_4_6_EXE\AskNet_4_6_EXE.csproj", "{CD0BB2C1-632B-4658-9458-AD50A7AD8764}"
EndProject
Project("{FAE04EC0-301F-11D3-BF4B-00C04F79EFBC}") = "AskNet_4_6_1_EXE", "AskNet_4_6_1_EXE\AskNet_4_6_1_EXE.csproj", "{C241248B-5356-492D-98BF-665EAD348EBD}"
EndProject
Project("{FAE04EC0-301F-11D3-BF4B-00C04F79EFBC}") = "AskNet_4_6_2_EXE", "AskNet_4_6_2_EXE\AskNet_4_6_2_EXE.csproj", "{AC3F8FFD-85BF-471A-9988-027B15869C92}"
EndProject
Project("{FAE04EC0-301F-11D3-BF4B-00C04F79EFBC}") = "AskNet_4_7_EXE", "AskNet_4_7_EXE\AskNet_4_7_EXE.csproj", "{B2A68087-96A7-4085-A662-917617DB8AED}"
EndProject
Project("{FAE04EC0-301F-11D3-BF4B-00C04F79EFBC}") = "AskNet_4_7_1_EXE", "AskNet_4_7_1_EXE\AskNet_4_7_1_EXE.csproj", "{F4A845B9-807D-4FE0-971D-0F6D4054E332}"
EndProject
Project("{FAE04EC0-301F-11D3-BF4B-00C04F79EFBC}") = "AskNet_4_7_2_EXE", "AskNet_4_7_2_EXE\AskNet_4_7_2_EXE.csproj", "{E4F0C463-A7E0-4183-A9F7-9708AFF91423}"
EndProject
Project("{FAE04EC0-301F-11D3-BF4B-00C04F79EFBC}") = "AskNet_4_8_EXE", "AskNet_4_8_EXE\AskNet_4_8_EXE.csproj", "{DADCA076-F2B1-4E1F-B1F1-CB3407569D9B}"
EndProject
Project("{FAE04EC0-301F-11D3-BF4B-00C04F79EFBC}") = "AskNet_3_0", "AskNet_3_0\AskNet_3_0.csproj", "{D1FC6096-D20B-4F71-95CA-C51A10CAE095}"
EndProject
Project("{FAE04EC0-301F-11D3-BF4B-00C04F79EFBC}") = "AskNet_3_5", "AskNet_3_5\AskNet_3_5.csproj", "{5F064218-AAA3-4B00-9CB0-5DC888B3836E}"
EndProject
Project("{FAE04EC0-301F-11D3-BF4B-00C04F79EFBC}") = "AskNet_4_0", "AskNet_4_0\AskNet_4_0.csproj", "{2FD2AE68-0231-4873-A245-8F37AD2CEF6F}"
EndProject
Project("{FAE04EC0-301F-11D3-BF4B-00C04F79EFBC}") = "AskNet_4_5", "AskNet_4_5\AskNet_4_5.csproj", "{3371737F-27D9-469F-B3CE-8713022405E8}"
EndProject
Project("{FAE04EC0-301F-11D3-BF4B-00C04F79EFBC}") = "AskNet_4_5_1", "AskNet_4_5_1\AskNet_4_5_1.csproj", "{EB4E2328-DEA0-4B86-B413-A332D2EDBFAA}"
EndProject
Project("{FAE04EC0-301F-11D3-BF4B-00C04F79EFBC}") = "AskNet_4_5_2", "AskNet_4_5_2\AskNet_4_5_2.csproj", "{270B95B1-DD78-43E4-82A9-734876CB97A8}"
EndProject
Project("{FAE04EC0-301F-11D3-BF4B-00C04F79EFBC}") = "AskNet_4_6", "AskNet_4_6\AskNet_4_6.csproj", "{C8C98267-FF76-43DA-AF12-1321193ABDE5}"
EndProject
Project("{FAE04EC0-301F-11D3-BF4B-00C04F79EFBC}") = "AskNet_4_6_1", "AskNet_4_6_1\AskNet_4_6_1.csproj", "{F0B15581-5D95-46B2-9A46-E8C647D78936}"
EndProject
Project("{FAE04EC0-301F-11D3-BF4B-00C04F79EFBC}") = "AskNet_4_6_2", "AskNet_4_6_2\AskNet_4_6_2.csproj", "{69F03A94-3559-4BDD-A90C-A905AB3F319C}"
EndProject
Project("{FAE04EC0-301F-11D3-BF4B-00C04F79EFBC}") = "AskNet_4_7", "AskNet_4_7\AskNet_4_7.csproj", "{96D8C1F3-63BD-46C5-8590-BB661F2CCB6E}"
EndProject
Project("{FAE04EC0-301F-11D3-BF4B-00C04F79EFBC}") = "AskNet_4_7_1", "AskNet_4_7_1\AskNet_4_7_1.csproj", "{B70AC5A7-955E-44FF-81DE-05512208B796}"
EndProject
Project("{FAE04EC0-301F-11D3-BF4B-00C04F79EFBC}") = "AskNet_4_7_2", "AskNet_4_7_2\AskNet_4_7_2.csproj", "{4FF8C391-56DF-4F56-A518-BC2C63DC1F67}"
EndProject
Project("{FAE04EC0-301F-11D3-BF4B-00C04F79EFBC}") = "AskNet_4_8", "AskNet_4_8\AskNet_4_8.csproj", "{26D35225-5C9A-4EAF-A8FF-067AD8BE7277}"
EndProject
Global
	GlobalSection(SolutionConfigurationPlatforms) = preSolution
		Debug|Any CPU = Debug|Any CPU
		Release|Any CPU = Release|Any CPU
	EndGlobalSection
	GlobalSection(ProjectConfigurationPlatforms) = postSolution
		{10B0D471-45A7-49D7-9214-EAFBC4997AA3}.Debug|Any CPU.ActiveCfg = Debug|Any CPU
		{10B0D471-45A7-49D7-9214-EAFBC4997AA3}.Debug|Any CPU.Build.0 = Debug|Any CPU
		{10B0D471-45A7-49D7-9214-EAFBC4997AA3}.Release|Any CPU.ActiveCfg = Release|Any CPU
		{10B0D471-45A7-49D7-9214-EAFBC4997AA3}.Release|Any CPU.Build.0 = Release|Any CPU
		{3586165C-C257-4548-86E6-9CF459CFBABC}.Debug|Any CPU.ActiveCfg = Debug|Any CPU
		{3586165C-C257-4548-86E6-9CF459CFBABC}.Debug|Any CPU.Build.0 = Debug|Any CPU
		{3586165C-C257-4548-86E6-9CF459CFBABC}.Release|Any CPU.ActiveCfg = Release|Any CPU
		{3586165C-C257-4548-86E6-9CF459CFBABC}.Release|Any CPU.Build.0 = Release|Any CPU
		{9156A811-CADC-464C-808D-1EBAE9AF65D3}.Debug|Any CPU.ActiveCfg = Debug|Any CPU
		{9156A811-CADC-464C-808D-1EBAE9AF65D3}.Debug|Any CPU.Build.0 = Debug|Any CPU
		{9156A811-CADC-464C-808D-1EBAE9AF65D3}.Release|Any CPU.ActiveCfg = Release|Any CPU
		{9156A811-CADC-464C-808D-1EBAE9AF65D3}.Release|Any CPU.Build.0 = Release|Any CPU
		{F85EB0EA-3B8C-4053-A513-233FEC9ADD10}.Debug|Any CPU.ActiveCfg = Debug|Any CPU
		{F85EB0EA-3B8C-4053-A513-233FEC9ADD10}.Debug|Any CPU.Build.0 = Debug|Any CPU
		{F85EB0EA-3B8C-4053-A513-233FEC9ADD10}.Release|Any CPU.ActiveCfg = Release|Any CPU
		{F85EB0EA-3B8C-4053-A513-233FEC9ADD10}.Release|Any CPU.Build.0 = Release|Any CPU
		{95B651F1-FC08-4020-BC14-FEE2732F2800}.Debug|Any CPU.ActiveCfg = Debug|Any CPU
		{95B651F1-FC08-4020-BC14-FEE2732F2800}.Debug|Any CPU.Build.0 = Debug|Any CPU
		{95B651F1-FC08-4020-BC14-FEE2732F2800}.Release|Any CPU.ActiveCfg = Release|Any CPU
		{95B651F1-FC08-4020-BC14-FEE2732F2800}.Release|Any CPU.Build.0 = Release|Any CPU
		{616F7397-B785-40E9-A845-0B658DD561FE}.Debug|Any CPU.ActiveCfg = Debug|Any CPU
		{616F7397-B785-40E9-A845-0B658DD561FE}.Debug|Any CPU.Build.0 = Debug|Any CPU
		{616F7397-B785-40E9-A845-0B658DD561FE}.Release|Any CPU.ActiveCfg = Release|Any CPU
		{616F7397-B785-40E9-A845-0B658DD561FE}.Release|Any CPU.Build.0 = Release|Any CPU
		{C358A10D-176E-48AB-A233-6613BA4FDE89}.Debug|Any CPU.ActiveCfg = Debug|Any CPU
		{C358A10D-176E-48AB-A233-6613BA4FDE89}.Debug|Any CPU.Build.0 = Debug|Any CPU
		{C358A10D-176E-48AB-A233-6613BA4FDE89}.Release|Any CPU.ActiveCfg = Release|Any CPU
		{C358A10D-176E-48AB-A233-6613BA4FDE89}.Release|Any CPU.Build.0 = Release|Any CPU
		{7E53B648-90D2-40F3-802A-035CA13BA3C4}.Debug|Any CPU.ActiveCfg = Debug|Any CPU
		{7E53B648-90D2-40F3-802A-035CA13BA3C4}.Debug|Any CPU.Build.0 = Debug|Any CPU
		{7E53B648-90D2-40F3-802A-035CA13BA3C4}.Release|Any CPU.ActiveCfg = Release|Any CPU
		{7E53B648-90D2-40F3-802A-035CA13BA3C4}.Release|Any CPU.Build.0 = Release|Any CPU
		{131EECFD-8DFA-418A-BF4B-76225316621A}.Debug|Any CPU.ActiveCfg = Debug|Any CPU
		{131EECFD-8DFA-418A-BF4B-76225316621A}.Debug|Any CPU.Build.0 = Debug|Any CPU
		{131EECFD-8DFA-418A-BF4B-76225316621A}.Release|Any CPU.ActiveCfg = Release|Any CPU
		{131EECFD-8DFA-418A-BF4B-76225316621A}.Release|Any CPU.Build.0 = Release|Any CPU
		{CD0BB2C1-632B-4658-9458-AD50A7AD8764}.Debug|Any CPU.ActiveCfg = Debug|Any CPU
		{CD0BB2C1-632B-4658-9458-AD50A7AD8764}.Debug|Any CPU.Build.0 = Debug|Any CPU
		{CD0BB2C1-632B-4658-9458-AD50A7AD8764}.Release|Any CPU.ActiveCfg = Release|Any CPU
		{CD0BB2C1-632B-4658-9458-AD50A7AD8764}.Release|Any CPU.Build.0 = Release|Any CPU
		{C241248B-5356-492D-98BF-665EAD348EBD}.Debug|Any CPU.ActiveCfg = Debug|Any CPU
		{C241248B-5356-492D-98BF-665EAD348EBD}.Debug|Any CPU.Build.0 = Debug|Any CPU
		{C241248B-5356-492D-98BF-665EAD348EBD}.Release|Any CPU.ActiveCfg = Release|Any CPU
		{C241248B-5356-492D-98BF-665EAD348EBD}.Release|Any CPU.Build.0 = Release|Any CPU
		{AC3F8FFD-85BF-471A-9988-027B15869C92}.Debug|Any CPU.ActiveCfg = Debug|Any CPU
		{AC3F8FFD-85BF-471A-9988-027B15869C92}.Debug|Any CPU.Build.0 = Debug|Any CPU
		{AC3F8FFD-85BF-471A-9988-027B15869C92}.Release|Any CPU.ActiveCfg = Release|Any CPU
		{AC3F8FFD-85BF-471A-9988-027B15869C92}.Release|Any CPU.Build.0 = Release|Any CPU
		{B2A68087-96A7-4085-A662-917617DB8AED}.Debug|Any CPU.ActiveCfg = Debug|Any CPU
		{B2A68087-96A7-4085-A662-917617DB8AED}.Debug|Any CPU.Build.0 = Debug|Any CPU
		{B2A68087-96A7-4085-A662-917617DB8AED}.Release|Any CPU.ActiveCfg = Release|Any CPU
		{B2A68087-96A7-4085-A662-917617DB8AED}.Release|Any CPU.Build.0 = Release|Any CPU
		{F4A845B9-807D-4FE0-971D-0F6D4054E332}.Debug|Any CPU.ActiveCfg = Debug|Any CPU
		{F4A845B9-807D-4FE0-971D-0F6D4054E332}.Debug|Any CPU.Build.0 = Debug|Any CPU
		{F4A845B9-807D-4FE0-971D-0F6D4054E332}.Release|Any CPU.ActiveCfg = Release|Any CPU
		{F4A845B9-807D-4FE0-971D-0F6D4054E332}.Release|Any CPU.Build.0 = Release|Any CPU
		{E4F0C463-A7E0-4183-A9F7-9708AFF91423}.Debug|Any CPU.ActiveCfg = Debug|Any CPU
		{E4F0C463-A7E0-4183-A9F7-9708AFF91423}.Debug|Any CPU.Build.0 = Debug|Any CPU
		{E4F0C463-A7E0-4183-A9F7-9708AFF91423}.Release|Any CPU.ActiveCfg = Release|Any CPU
		{E4F0C463-A7E0-4183-A9F7-9708AFF91423}.Release|Any CPU.Build.0 = Release|Any CPU
		{DADCA076-F2B1-4E1F-B1F1-CB3407569D9B}.Debug|Any CPU.ActiveCfg = Debug|Any CPU
		{DADCA076-F2B1-4E1F-B1F1-CB3407569D9B}.Debug|Any CPU.Build.0 = Debug|Any CPU
		{DADCA076-F2B1-4E1F-B1F1-CB3407569D9B}.Release|Any CPU.ActiveCfg = Release|Any CPU
		{DADCA076-F2B1-4E1F-B1F1-CB3407569D9B}.Release|Any CPU.Build.0 = Release|Any CPU
		{D1FC6096-D20B-4F71-95CA-C51A10CAE095}.Debug|Any CPU.ActiveCfg = Debug|Any CPU
		{D1FC6096-D20B-4F71-95CA-C51A10CAE095}.Debug|Any CPU.Build.0 = Debug|Any CPU
		{D1FC6096-D20B-4F71-95CA-C51A10CAE095}.Release|Any CPU.ActiveCfg = Release|Any CPU
		{D1FC6096-D20B-4F71-95CA-C51A10CAE095}.Release|Any CPU.Build.0 = Release|Any CPU
		{5F064218-AAA3-4B00-9CB0-5DC888B3836E}.Debug|Any CPU.ActiveCfg = Debug|Any CPU
		{5F064218-AAA3-4B00-9CB0-5DC888B3836E}.Debug|Any CPU.Build.0 = Debug|Any CPU
		{5F064218-AAA3-4B00-9CB0-5DC888B3836E}.Release|Any CPU.ActiveCfg = Release|Any CPU
		{5F064218-AAA3-4B00-9CB0-5DC888B3836E}.Release|Any CPU.Build.0 = Release|Any CPU
		{2FD2AE68-0231-4873-A245-8F37AD2CEF6F}.Debug|Any CPU.ActiveCfg = Debug|Any CPU
		{2FD2AE68-0231-4873-A245-8F37AD2CEF6F}.Debug|Any CPU.Build.0 = Debug|Any CPU
		{2FD2AE68-0231-4873-A245-8F37AD2CEF6F}.Release|Any CPU.ActiveCfg = Release|Any CPU
		{2FD2AE68-0231-4873-A245-8F37AD2CEF6F}.Release|Any CPU.Build.0 = Release|Any CPU
		{3371737F-27D9-469F-B3CE-8713022405E8}.Debug|Any CPU.ActiveCfg = Debug|Any CPU
		{3371737F-27D9-469F-B3CE-8713022405E8}.Debug|Any CPU.Build.0 = Debug|Any CPU
		{3371737F-27D9-469F-B3CE-8713022405E8}.Release|Any CPU.ActiveCfg = Release|Any CPU
		{3371737F-27D9-469F-B3CE-8713022405E8}.Release|Any CPU.Build.0 = Release|Any CPU
		{EB4E2328-DEA0-4B86-B413-A332D2EDBFAA}.Debug|Any CPU.ActiveCfg = Debug|Any CPU
		{EB4E2328-DEA0-4B86-B413-A332D2EDBFAA}.Debug|Any CPU.Build.0 = Debug|Any CPU
		{EB4E2328-DEA0-4B86-B413-A332D2EDBFAA}.Release|Any CPU.ActiveCfg = Release|Any CPU
		{EB4E2328-DEA0-4B86-B413-A332D2EDBFAA}.Release|Any CPU.Build.0 = Release|Any CPU
		{270B95B1-DD78-43E4-82A9-734876CB97A8}.Debug|Any CPU.ActiveCfg = Debug|Any CPU
		{270B95B1-DD78-43E4-82A9-734876CB97A8}.Debug|Any CPU.Build.0 = Debug|Any CPU
		{270B95B1-DD78-43E4-82A9-734876CB97A8}.Release|Any CPU.ActiveCfg = Release|Any CPU
		{270B95B1-DD78-43E4-82A9-734876CB97A8}.Release|Any CPU.Build.0 = Release|Any CPU
		{C8C98267-FF76-43DA-AF12-1321193ABDE5}.Debug|Any CPU.ActiveCfg = Debug|Any CPU
		{C8C98267-FF76-43DA-AF12-1321193ABDE5}.Debug|Any CPU.Build.0 = Debug|Any CPU
		{C8C98267-FF76-43DA-AF12-1321193ABDE5}.Release|Any CPU.ActiveCfg = Release|Any CPU
		{C8C98267-FF76-43DA-AF12-1321193ABDE5}.Release|Any CPU.Build.0 = Release|Any CPU
		{F0B15581-5D95-46B2-9A46-E8C647D78936}.Debug|Any CPU.ActiveCfg = Debug|Any CPU
		{F0B15581-5D95-46B2-9A46-E8C647D78936}.Debug|Any CPU.Build.0 = Debug|Any CPU
		{F0B15581-5D95-46B2-9A46-E8C647D78936}.Release|Any CPU.ActiveCfg = Release|Any CPU
		{F0B15581-5D95-46B2-9A46-E8C647D78936}.Release|Any CPU.Build.0 = Release|Any CPU
		{69F03A94-3559-4BDD-A90C-A905AB3F319C}.Debug|Any CPU.ActiveCfg = Debug|Any CPU
		{69F03A94-3559-4BDD-A90C-A905AB3F319C}.Debug|Any CPU.Build.0 = Debug|Any CPU
		{69F03A94-3559-4BDD-A90C-A905AB3F319C}.Release|Any CPU.ActiveCfg = Release|Any CPU
		{69F03A94-3559-4BDD-A90C-A905AB3F319C}.Release|Any CPU.Build.0 = Release|Any CPU
		{96D8C1F3-63BD-46C5-8590-BB661F2CCB6E}.Debug|Any CPU.ActiveCfg = Debug|Any CPU
		{96D8C1F3-63BD-46C5-8590-BB661F2CCB6E}.Debug|Any CPU.Build.0 = Debug|Any CPU
		{96D8C1F3-63BD-46C5-8590-BB661F2CCB6E}.Release|Any CPU.ActiveCfg = Release|Any CPU
		{96D8C1F3-63BD-46C5-8590-BB661F2CCB6E}.Release|Any CPU.Build.0 = Release|Any CPU
		{B70AC5A7-955E-44FF-81DE-05512208B796}.Debug|Any CPU.ActiveCfg = Debug|Any CPU
		{B70AC5A7-955E-44FF-81DE-05512208B796}.Debug|Any CPU.Build.0 = Debug|Any CPU
		{B70AC5A7-955E-44FF-81DE-05512208B796}.Release|Any CPU.ActiveCfg = Release|Any CPU
		{B70AC5A7-955E-44FF-81DE-05512208B796}.Release|Any CPU.Build.0 = Release|Any CPU
		{4FF8C391-56DF-4F56-A518-BC2C63DC1F67}.Debug|Any CPU.ActiveCfg = Debug|Any CPU
		{4FF8C391-56DF-4F56-A518-BC2C63DC1F67}.Debug|Any CPU.Build.0 = Debug|Any CPU
		{4FF8C391-56DF-4F56-A518-BC2C63DC1F67}.Release|Any CPU.ActiveCfg = Release|Any CPU
		{4FF8C391-56DF-4F56-A518-BC2C63DC1F67}.Release|Any CPU.Build.0 = Release|Any CPU
		{26D35225-5C9A-4EAF-A8FF-067AD8BE7277}.Debug|Any CPU.ActiveCfg = Debug|Any CPU
		{26D35225-5C9A-4EAF-A8FF-067AD8BE7277}.Debug|Any CPU.Build.0 = Debug|Any CPU
		{26D35225-5C9A-4EAF-A8FF-067AD8BE7277}.Release|Any CPU.ActiveCfg = Release|Any CPU
		{26D35225-5C9A-4EAF-A8FF-067AD8BE7277}.Release|Any CPU.Build.0 = Release|Any CPU
	EndGlobalSection
	GlobalSection(SolutionProperties) = preSolution
		HideSolutionNode = FALSE
	EndGlobalSection
	GlobalSection(ExtensibilityGlobals) = postSolution
		SolutionGuid = {EB6D5D49-E49D-45A4-8B16-4E61DD31E141}
	EndGlobalSection
EndGlobal
